{
  "lockfileVersion": 1,
  "workspaces": {
    "": {
      "name": "luna-landing",
      "dependencies": {
        "@tailwindcss/oxide-linux-x64-gnu": "^4.0.9",
        "@tanstack/query-sync-storage-persister": "^5.66.11",
        "@tanstack/react-query": "^5.66.11",
        "@tanstack/react-query-devtools": "^5.66.11",
        "@tanstack/react-query-persist-client": "^5.66.11",
        "jotai": "^2.12.1",
        "lightningcss-linux-x64-gnu": "^1.29.1",
        "next": "15.2.0",
        "react": "^19.0.0",
        "react-dom": "^19.0.0",
      },
      "devDependencies": {
        "@biomejs/biome": "^1.9.4",
        "@tailwindcss/postcss": "^4",
        "@types/node": "^20",
        "@types/react": "^19",
        "@types/react-dom": "^19",
        "tailwindcss": "^4",
        "typescript": "^5",
      },
    },
  },
  "packages": {
    "@alloc/quick-lru": ["@alloc/quick-lru@5.2.0", "", {}, ""],

    "@biomejs/biome": ["@biomejs/biome@1.9.4", "", { "optionalDependencies": { "@biomejs/cli-darwin-arm64": "1.9.4" }, "bin": { "biome": "bin/biome" } }, ""],

    "@biomejs/cli-darwin-arm64": ["@biomejs/cli-darwin-arm64@1.9.4", "", { "os": "darwin", "cpu": "arm64" }, ""],

    "@img/sharp-darwin-arm64": ["@img/sharp-darwin-arm64@0.33.5", "", { "optionalDependencies": { "@img/sharp-libvips-darwin-arm64": "1.0.4" }, "os": "darwin", "cpu": "arm64" }, ""],

    "@img/sharp-libvips-darwin-arm64": ["@img/sharp-libvips-darwin-arm64@1.0.4", "", { "os": "darwin", "cpu": "arm64" }, ""],

    "@next/env": ["@next/env@15.2.0", "", {}, ""],

    "@next/swc-darwin-arm64": ["@next/swc-darwin-arm64@15.2.0", "", { "os": "darwin", "cpu": "arm64" }, ""],

    "@next/swc-darwin-x64": ["@next/swc-darwin-x64@15.2.0", "", { "os": "darwin", "cpu": "x64" }, "sha512-DiU85EqSHogCz80+sgsx90/ecygfCSGl5P3b4XDRVZpgujBm5lp4ts7YaHru7eVTyZMjHInzKr+w0/7+qDrvMA=="],

    "@next/swc-linux-arm64-gnu": ["@next/swc-linux-arm64-gnu@15.2.0", "", { "os": "linux", "cpu": "arm64" }, "sha512-VnpoMaGukiNWVxeqKHwi8MN47yKGyki5q+7ql/7p/3ifuU2341i/gDwGK1rivk0pVYbdv5D8z63uu9yMw0QhpQ=="],

    "@next/swc-linux-arm64-musl": ["@next/swc-linux-arm64-musl@15.2.0", "", { "os": "linux", "cpu": "arm64" }, "sha512-ka97/ssYE5nPH4Qs+8bd8RlYeNeUVBhcnsNUmFM6VWEob4jfN9FTr0NBhXVi1XEJpj3cMfgSRW+LdE3SUZbPrw=="],

    "@next/swc-linux-x64-gnu": ["@next/swc-linux-x64-gnu@15.2.0", "", { "os": "linux", "cpu": "x64" }, "sha512-zY1JduE4B3q0k2ZCE+DAF/1efjTXUsKP+VXRtrt/rJCTgDlUyyryx7aOgYXNc1d8gobys/Lof9P9ze8IyRDn7Q=="],

    "@next/swc-linux-x64-musl": ["@next/swc-linux-x64-musl@15.2.0", "", { "os": "linux", "cpu": "x64" }, "sha512-QqvLZpurBD46RhaVaVBepkVQzh8xtlUN00RlG4Iq1sBheNugamUNPuZEH1r9X1YGQo1KqAe1iiShF0acva3jHQ=="],

    "@next/swc-win32-arm64-msvc": ["@next/swc-win32-arm64-msvc@15.2.0", "", { "os": "win32", "cpu": "arm64" }, "sha512-ODZ0r9WMyylTHAN6pLtvUtQlGXBL9voljv6ujSlcsjOxhtXPI1Ag6AhZK0SE8hEpR1374WZZ5w33ChpJd5fsjw=="],

    "@next/swc-win32-x64-msvc": ["@next/swc-win32-x64-msvc@15.2.0", "", { "os": "win32", "cpu": "x64" }, "sha512-8+4Z3Z7xa13NdUuUAcpVNA6o76lNPniBd9Xbo02bwXQXnZgFvEopwY2at5+z7yHl47X9qbZpvwatZ2BRo3EdZw=="],

    "@swc/counter": ["@swc/counter@0.1.3", "", {}, ""],

    "@swc/helpers": ["@swc/helpers@0.5.15", "", { "dependencies": { "tslib": "^2.8.0" } }, ""],

    "@tailwindcss/node": ["@tailwindcss/node@4.0.9", "", { "dependencies": { "enhanced-resolve": "^5.18.1", "jiti": "^2.4.2", "tailwindcss": "4.0.9" } }, ""],

    "@tailwindcss/oxide": ["@tailwindcss/oxide@4.0.9", "", { "optionalDependencies": { "@tailwindcss/oxide-darwin-arm64": "4.0.9" } }, ""],

    "@tailwindcss/oxide-darwin-arm64": ["@tailwindcss/oxide-darwin-arm64@4.0.9", "", { "os": "darwin", "cpu": "arm64" }, ""],

    "@tailwindcss/oxide-linux-x64-gnu": ["@tailwindcss/oxide-linux-x64-gnu@4.0.9", "", { "os": "linux", "cpu": "x64" }, "sha512-v0D8WqI/c3WpWH1kq/HP0J899ATLdGZmENa2/emmNjubT0sWtEke9W9+wXeEoACuGAhF9i3PO5MeyditpDCiWQ=="],

    "@tailwindcss/postcss": ["@tailwindcss/postcss@4.0.9", "", { "dependencies": { "@alloc/quick-lru": "^5.2.0", "@tailwindcss/node": "4.0.9", "@tailwindcss/oxide": "4.0.9", "lightningcss": "^1.29.1", "postcss": "^8.4.41", "tailwindcss": "4.0.9" } }, ""],

    "@tanstack/query-core": ["@tanstack/query-core@5.66.11", "", {}, "sha512-ZEYxgHUcohj3sHkbRaw0gYwFxjY5O6M3IXOYXEun7E1rqNhsP8fOtqjJTKPZpVHcdIdrmX4lzZctT4+pts0OgA=="],

    "@tanstack/query-devtools": ["@tanstack/query-devtools@5.65.0", "", {}, ""],

    "@tanstack/query-persist-client-core": ["@tanstack/query-persist-client-core@5.66.11", "", { "dependencies": { "@tanstack/query-core": "5.66.11" } }, ""],

    "@tanstack/query-sync-storage-persister": ["@tanstack/query-sync-storage-persister@5.66.11", "", { "dependencies": { "@tanstack/query-core": "5.66.11", "@tanstack/query-persist-client-core": "5.66.11" } }, "sha512-aE5fkmSkNxkcaOyW3vYIFx/mnTGYNAF9U6tU9Qc1ycCaQiMfZ0whek8RA9p6RPX4wX4kDE4xoWzCwVRAxB85EA=="],

    "@tanstack/react-query": ["@tanstack/react-query@5.66.11", "", { "dependencies": { "@tanstack/query-core": "5.66.11" }, "peerDependencies": { "react": "^18 || ^19" } }, "sha512-uPDiQbZScWkAeihmZ9gAm3wOBA1TmLB1KCB1fJ1hIiEKq3dTT+ja/aYM7wGUD+XiEsY4sDSE7p8VIz/21L2Dow=="],

    "@tanstack/react-query-devtools": ["@tanstack/react-query-devtools@5.66.11", "", { "dependencies": { "@tanstack/query-devtools": "5.65.0" }, "peerDependencies": { "@tanstack/react-query": "^5.66.11", "react": "^18 || ^19" } }, "sha512-a+zr2TN4dKpxVlJ9YBOC5YmpGWp2Ez2ZfIzsorVbrs/u2R+bVkLrU1u5e8WHzLdf6tXYueATqgeXWLHrvi4Dig=="],

    "@tanstack/react-query-persist-client": ["@tanstack/react-query-persist-client@5.66.11", "", { "dependencies": { "@tanstack/query-persist-client-core": "5.66.11" }, "peerDependencies": { "@tanstack/react-query": "^5.66.11", "react": "^18 || ^19" } }, ""],

    "@types/node": ["@types/node@20.17.19", "", { "dependencies": { "undici-types": "~6.19.2" } }, ""],

    "@types/react": ["@types/react@19.0.10", "", { "dependencies": { "csstype": "^3.0.2" } }, ""],

    "@types/react-dom": ["@types/react-dom@19.0.4", "", { "peerDependencies": { "@types/react": "^19.0.0" } }, ""],

    "busboy": ["busboy@1.6.0", "", { "dependencies": { "streamsearch": "^1.1.0" } }, ""],

    "caniuse-lite": ["caniuse-lite@1.0.30001701", "", {}, ""],

    "client-only": ["client-only@0.0.1", "", {}, ""],

    "color": ["color@4.2.3", "", { "dependencies": { "color-convert": "^2.0.1", "color-string": "^1.9.0" } }, ""],

    "color-convert": ["color-convert@2.0.1", "", { "dependencies": { "color-name": "~1.1.4" } }, ""],

    "color-name": ["color-name@1.1.4", "", {}, ""],

    "color-string": ["color-string@1.9.1", "", { "dependencies": { "color-name": "^1.0.0", "simple-swizzle": "^0.2.2" } }, ""],

    "csstype": ["csstype@3.1.3", "", {}, ""],

    "detect-libc": ["detect-libc@1.0.3", "", { "bin": "bin/detect-libc.js" }, ""],

    "enhanced-resolve": ["enhanced-resolve@5.18.1", "", { "dependencies": { "graceful-fs": "^4.2.4", "tapable": "^2.2.0" } }, ""],

    "graceful-fs": ["graceful-fs@4.2.11", "", {}, ""],

    "is-arrayish": ["is-arrayish@0.3.2", "", {}, ""],

    "jiti": ["jiti@2.4.2", "", { "bin": "lib/jiti-cli.mjs" }, ""],

    "jotai": ["jotai@2.12.1", "", { "peerDependencies": { "@types/react": ">=17.0.0", "react": ">=17.0.0" } }, ""],

    "lightningcss": ["lightningcss@1.29.1", "", { "dependencies": { "detect-libc": "^1.0.3" }, "optionalDependencies": { "lightningcss-darwin-arm64": "1.29.1" } }, ""],

    "lightningcss-darwin-arm64": ["lightningcss-darwin-arm64@1.29.1", "", { "os": "darwin", "cpu": "arm64" }, ""],

    "lightningcss-linux-x64-gnu": ["lightningcss-linux-x64-gnu@1.29.1", "", { "os": "linux", "cpu": "x64" }, "sha512-u1S+xdODy/eEtjADqirA774y3jLcm8RPtYztwReEXoZKdzgsHYPl0s5V52Tst+GKzqjebkULT86XMSxejzfISw=="],

    "nanoid": ["nanoid@3.3.8", "", { "bin": "bin/nanoid.cjs" }, ""],

    "next": ["next@15.2.0", "", { "dependencies": { "@next/env": "15.2.0", "@swc/counter": "0.1.3", "@swc/helpers": "0.5.15", "busboy": "1.6.0", "caniuse-lite": "^1.0.30001579", "postcss": "8.4.31", "styled-jsx": "5.1.6" }, "optionalDependencies": { "@next/swc-darwin-arm64": "15.2.0", "@next/swc-darwin-x64": "15.2.0", "@next/swc-linux-arm64-gnu": "15.2.0", "@next/swc-linux-arm64-musl": "15.2.0", "@next/swc-linux-x64-gnu": "15.2.0", "@next/swc-linux-x64-musl": "15.2.0", "@next/swc-win32-arm64-msvc": "15.2.0", "@next/swc-win32-x64-msvc": "15.2.0", "sharp": "^0.33.5" }, "peerDependencies": { "@opentelemetry/api": "^1.1.0", "@playwright/test": "^1.41.2", "babel-plugin-react-compiler": "*", "react": "^18.2.0 || 19.0.0-rc-de68d2f4-20241204 || ^19.0.0", "react-dom": "^18.2.0 || 19.0.0-rc-de68d2f4-20241204 || ^19.0.0", "sass": "^1.3.0" }, "optionalPeers": ["@opentelemetry/api", "@playwright/test", "babel-plugin-react-compiler", "sass"], "bin": "dist/bin/next" }, ""],

    "picocolors": ["picocolors@1.1.1", "", {}, ""],

    "postcss": ["postcss@8.5.3", "", { "dependencies": { "nanoid": "^3.3.8", "picocolors": "^1.1.1", "source-map-js": "^1.2.1" } }, ""],

    "react": ["react@19.0.0", "", {}, ""],

    "react-dom": ["react-dom@19.0.0", "", { "dependencies": { "scheduler": "^0.25.0" }, "peerDependencies": { "react": "^19.0.0" } }, ""],

    "scheduler": ["scheduler@0.25.0", "", {}, ""],

    "semver": ["semver@7.7.1", "", { "bin": "bin/semver.js" }, ""],

    "sharp": ["sharp@0.33.5", "", { "dependencies": { "color": "^4.2.3", "detect-libc": "^2.0.3", "semver": "^7.6.3" }, "optionalDependencies": { "@img/sharp-darwin-arm64": "0.33.5", "@img/sharp-libvips-darwin-arm64": "1.0.4" } }, ""],

    "simple-swizzle": ["simple-swizzle@0.2.2", "", { "dependencies": { "is-arrayish": "^0.3.1" } }, ""],

    "source-map-js": ["source-map-js@1.2.1", "", {}, ""],

    "streamsearch": ["streamsearch@1.1.0", "", {}, ""],

    "styled-jsx": ["styled-jsx@5.1.6", "", { "dependencies": { "client-only": "0.0.1" }, "peerDependencies": { "react": ">= 16.8.0 || 17.x.x || ^18.0.0-0 || ^19.0.0-0" } }, ""],

    "tailwindcss": ["tailwindcss@4.0.9", "", {}, ""],

    "tapable": ["tapable@2.2.1", "", {}, ""],

    "tslib": ["tslib@2.8.1", "", {}, ""],

    "typescript": ["typescript@5.7.3", "", { "bin": { "tsc": "bin/tsc", "tsserver": "bin/tsserver" } }, ""],

    "undici-types": ["undici-types@6.19.8", "", {}, ""],

    "next/postcss": ["postcss@8.4.31", "", { "dependencies": { "nanoid": "^3.3.6", "picocolors": "^1.0.0", "source-map-js": "^1.0.2" } }, ""],

    "sharp/detect-libc": ["detect-libc@2.0.3", "", {}, ""],
  }
}
